
Microsoft Visual Studio Solution File, Format Version 12.00
# Visual Studio Version 17
VisualStudioVersion = 17.8.34330.188
MinimumVisualStudioVersion = 10.0.40219.1
Project("{FAE04EC0-301F-11D3-BF4B-00C04F79EFBC}") = "Ex01_01", "Ex01_01.csproj", "{96CAD5C9-9BFC-45C7-92C9-CB7C2B4C56CE}"
EndProject
Project("{FAE04EC0-301F-11D3-BF4B-00C04F79EFBC}") = "Ex01_02", "..\Ex01_02\Ex01_02.csproj", "{22C9B5B7-BF75-455F-8ACA-950EF047C094}"
EndProject
Project("{FAE04EC0-301F-11D3-BF4B-00C04F79EFBC}") = "Ex01_03", "..\Ex01_03\Ex01_03.csproj", "{CDFB0774-0702-4764-8232-6A6182C2EF6F}"
EndProject
Project("{FAE04EC0-301F-11D3-BF4B-00C04F79EFBC}") = "Ex01_04", "..\Ex01_04\Ex01_04.csproj", "{5A41A605-48FF-430F-B7EF-59CC7AF152A2}"
EndProject
Project("{FAE04EC0-301F-11D3-BF4B-00C04F79EFBC}") = "Ex01_05", "..\Ex01_05\Ex01_05.csproj", "{1BD228E9-D157-4CC3-9E5C-B70FDFCF95C1}"
EndProject
Global
	GlobalSection(SolutionConfigurationPlatforms) = preSolution
		Debug|Any CPU = Debug|Any CPU
		Release|Any CPU = Release|Any CPU
	EndGlobalSection
	GlobalSection(ProjectConfigurationPlatforms) = postSolution
		{96CAD5C9-9BFC-45C7-92C9-CB7C2B4C56CE}.Debug|Any CPU.ActiveCfg = Debug|Any CPU
		{96CAD5C9-9BFC-45C7-92C9-CB7C2B4C56CE}.Debug|Any CPU.Build.0 = Debug|Any CPU
		{96CAD5C9-9BFC-45C7-92C9-CB7C2B4C56CE}.Release|Any CPU.ActiveCfg = Release|Any CPU
		{96CAD5C9-9BFC-45C7-92C9-CB7C2B4C56CE}.Release|Any CPU.Build.0 = Release|Any CPU
		{22C9B5B7-BF75-455F-8ACA-950EF047C094}.Debug|Any CPU.ActiveCfg = Debug|Any CPU
		{22C9B5B7-BF75-455F-8ACA-950EF047C094}.Debug|Any CPU.Build.0 = Debug|Any CPU
		{22C9B5B7-BF75-455F-8ACA-950EF047C094}.Release|Any CPU.ActiveCfg = Release|Any CPU
		{22C9B5B7-BF75-455F-8ACA-950EF047C094}.Release|Any CPU.Build.0 = Release|Any CPU
		{CDFB0774-0702-4764-8232-6A6182C2EF6F}.Debug|Any CPU.ActiveCfg = Debug|Any CPU
		{CDFB0774-0702-4764-8232-6A6182C2EF6F}.Debug|Any CPU.Build.0 = Debug|Any CPU
		{CDFB0774-0702-4764-8232-6A6182C2EF6F}.Release|Any CPU.ActiveCfg = Release|Any CPU
		{CDFB0774-0702-4764-8232-6A6182C2EF6F}.Release|Any CPU.Build.0 = Release|Any CPU
		{5A41A605-48FF-430F-B7EF-59CC7AF152A2}.Debug|Any CPU.ActiveCfg = Debug|Any CPU
		{5A41A605-48FF-430F-B7EF-59CC7AF152A2}.Debug|Any CPU.Build.0 = Debug|Any CPU
		{5A41A605-48FF-430F-B7EF-59CC7AF152A2}.Release|Any CPU.ActiveCfg = Release|Any CPU
		{5A41A605-48FF-430F-B7EF-59CC7AF152A2}.Release|Any CPU.Build.0 = Release|Any CPU
		{1BD228E9-D157-4CC3-9E5C-B70FDFCF95C1}.Debug|Any CPU.ActiveCfg = Debug|Any CPU
		{1BD228E9-D157-4CC3-9E5C-B70FDFCF95C1}.Debug|Any CPU.Build.0 = Debug|Any CPU
		{1BD228E9-D157-4CC3-9E5C-B70FDFCF95C1}.Release|Any CPU.ActiveCfg = Release|Any CPU
		{1BD228E9-D157-4CC3-9E5C-B70FDFCF95C1}.Release|Any CPU.Build.0 = Release|Any CPU
	EndGlobalSection
	GlobalSection(SolutionProperties) = preSolution
		HideSolutionNode = FALSE
	EndGlobalSection
	GlobalSection(ExtensibilityGlobals) = postSolution
		SolutionGuid = {0B4D9651-BE32-45F2-88E8-EC2B331D5657}
	EndGlobalSection
EndGlobal
