
Microsoft Visual Studio Solution File, Format Version 12.00
# Visual Studio Version 17
VisualStudioVersion = 17.8.34330.188
MinimumVisualStudioVersion = 10.0.40219.1
Project("{FAE04EC0-301F-11D3-BF4B-00C04F79EFBC}") = "Ex01_01", "Ex01_01.csproj", "{96CAD5C9-9BFC-45C7-92C9-CB7C2B4C56CE}"
EndProject
Global
	GlobalSection(SolutionConfigurationPlatforms) = preSolution
		Debug|Any CPU = Debug|Any CPU
		Release|Any CPU = Release|Any CPU
	EndGlobalSection
	GlobalSection(ProjectConfigurationPlatforms) = postSolution
		{96CAD5C9-9BFC-45C7-92C9-CB7C2B4C56CE}.Debug|Any CPU.ActiveCfg = Debug|Any CPU
		{96CAD5C9-9BFC-45C7-92C9-CB7C2B4C56CE}.Debug|Any CPU.Build.0 = Debug|Any CPU
		{96CAD5C9-9BFC-45C7-92C9-CB7C2B4C56CE}.Release|Any CPU.ActiveCfg = Release|Any CPU
		{96CAD5C9-9BFC-45C7-92C9-CB7C2B4C56CE}.Release|Any CPU.Build.0 = Release|Any CPU
	EndGlobalSection
	GlobalSection(SolutionProperties) = preSolution
		HideSolutionNode = FALSE
	EndGlobalSection
	GlobalSection(ExtensibilityGlobals) = postSolution
		SolutionGuid = {0B4D9651-BE32-45F2-88E8-EC2B331D5657}
	EndGlobalSection
EndGlobal
